
Microsoft Visual Studio Solution File, Format Version 12.00
# Visual Studio Version 16
VisualStudioVersion = 16.0.30523.141
MinimumVisualStudioVersion = 10.0.40219.1
Project("{FAE04EC0-301F-11D3-BF4B-00C04F79EFBC}") = "MiCalculadora", "MiCalculadora\MiCalculadora.csproj", "{7EB21EF5-095A-4DFA-9225-219915D7862F}"
EndProject
Project("{FAE04EC0-301F-11D3-BF4B-00C04F79EFBC}") = "Entidades", "Entidades\Entidades.csproj", "{045964A5-B522-4E5D-B5DF-75254F668D0B}"
EndProject
Global
	GlobalSection(SolutionConfigurationPlatforms) = preSolution
		Debug|Any CPU = Debug|Any CPU
		Release|Any CPU = Release|Any CPU
	EndGlobalSection
	GlobalSection(ProjectConfigurationPlatforms) = postSolution
		{7EB21EF5-095A-4DFA-9225-219915D7862F}.Debug|Any CPU.ActiveCfg = Debug|Any CPU
		{7EB21EF5-095A-4DFA-9225-219915D7862F}.Debug|Any CPU.Build.0 = Debug|Any CPU
		{7EB21EF5-095A-4DFA-9225-219915D7862F}.Release|Any CPU.ActiveCfg = Release|Any CPU
		{7EB21EF5-095A-4DFA-9225-219915D7862F}.Release|Any CPU.Build.0 = Release|Any CPU
		{045964A5-B522-4E5D-B5DF-75254F668D0B}.Debug|Any CPU.ActiveCfg = Debug|Any CPU
		{045964A5-B522-4E5D-B5DF-75254F668D0B}.Debug|Any CPU.Build.0 = Debug|Any CPU
		{045964A5-B522-4E5D-B5DF-75254F668D0B}.Release|Any CPU.ActiveCfg = Release|Any CPU
		{045964A5-B522-4E5D-B5DF-75254F668D0B}.Release|Any CPU.Build.0 = Release|Any CPU
	EndGlobalSection
	GlobalSection(SolutionProperties) = preSolution
		HideSolutionNode = FALSE
	EndGlobalSection
	GlobalSection(ExtensibilityGlobals) = postSolution
		SolutionGuid = {54E33E88-BF16-45FA-9E68-31F06BFCFAB6}
	EndGlobalSection
EndGlobal
